
Microsoft Visual Studio Solution File, Format Version 12.00
# Visual Studio Version 17
VisualStudioVersion = 17.3.32901.215
MinimumVisualStudioVersion = 10.0.40219.1
Project("{FAE04EC0-301F-11D3-BF4B-00C04F79EFBC}") = "Tutorial", "Tutorial\Tutorial.csproj", "{385FAC9D-3A9B-40BB-AF00-1924670A2489}"
EndProject
Global
	GlobalSection(SolutionConfigurationPlatforms) = preSolution
		Debug|Any CPU = Debug|Any CPU
		Release|Any CPU = Release|Any CPU
	EndGlobalSection
	GlobalSection(ProjectConfigurationPlatforms) = postSolution
		{385FAC9D-3A9B-40BB-AF00-1924670A2489}.Debug|Any CPU.ActiveCfg = Debug|Any CPU
		{385FAC9D-3A9B-40BB-AF00-1924670A2489}.Debug|Any CPU.Build.0 = Debug|Any CPU
		{385FAC9D-3A9B-40BB-AF00-1924670A2489}.Release|Any CPU.ActiveCfg = Release|Any CPU
		{385FAC9D-3A9B-40BB-AF00-1924670A2489}.Release|Any CPU.Build.0 = Release|Any CPU
	EndGlobalSection
	GlobalSection(SolutionProperties) = preSolution
		HideSolutionNode = FALSE
	EndGlobalSection
	GlobalSection(ExtensibilityGlobals) = postSolution
		SolutionGuid = {12C0824B-3EF5-4ED8-B623-9BF1ABB789F8}
	EndGlobalSection
EndGlobal
